
Microsoft Visual Studio Solution File, Format Version 12.00
# Visual Studio Version 17
VisualStudioVersion = 17.4.33122.133
MinimumVisualStudioVersion = 10.0.40219.1
Project("{FAE04EC0-301F-11D3-BF4B-00C04F79EFBC}") = "EncineCarlos.DataAccess", "EncineCarlos.DataAccess\EncineCarlos.DataAccess.csproj", "{D6FC81B7-3970-4EB6-93F4-A81CB500514D}"
EndProject
Project("{FAE04EC0-301F-11D3-BF4B-00C04F79EFBC}") = "EncineCarlos.DataAccess.Tests", "EncineCarlos.DataAccess.Tests\EncineCarlos.DataAccess.Tests.csproj", "{1EE06243-D292-4F3A-8F17-FEF3DC2757F7}"
EndProject
Global
	GlobalSection(SolutionConfigurationPlatforms) = preSolution
		Debug|Any CPU = Debug|Any CPU
		Release|Any CPU = Release|Any CPU
	EndGlobalSection
	GlobalSection(ProjectConfigurationPlatforms) = postSolution
		{D6FC81B7-3970-4EB6-93F4-A81CB500514D}.Debug|Any CPU.ActiveCfg = Debug|Any CPU
		{D6FC81B7-3970-4EB6-93F4-A81CB500514D}.Debug|Any CPU.Build.0 = Debug|Any CPU
		{D6FC81B7-3970-4EB6-93F4-A81CB500514D}.Release|Any CPU.ActiveCfg = Release|Any CPU
		{D6FC81B7-3970-4EB6-93F4-A81CB500514D}.Release|Any CPU.Build.0 = Release|Any CPU
		{1EE06243-D292-4F3A-8F17-FEF3DC2757F7}.Debug|Any CPU.ActiveCfg = Debug|Any CPU
		{1EE06243-D292-4F3A-8F17-FEF3DC2757F7}.Debug|Any CPU.Build.0 = Debug|Any CPU
		{1EE06243-D292-4F3A-8F17-FEF3DC2757F7}.Release|Any CPU.ActiveCfg = Release|Any CPU
		{1EE06243-D292-4F3A-8F17-FEF3DC2757F7}.Release|Any CPU.Build.0 = Release|Any CPU
	EndGlobalSection
	GlobalSection(SolutionProperties) = preSolution
		HideSolutionNode = FALSE
	EndGlobalSection
	GlobalSection(ExtensibilityGlobals) = postSolution
		SolutionGuid = {56A309BD-35AD-468E-B78E-A58F938F5F66}
	EndGlobalSection
EndGlobal
